<?xml version="1.0" encoding="utf-8"?>
<Project ToolsVersion="4.0" xmlns="http://schemas.microsoft.com/developer/msbuild/2003">
  <ItemGroup>
    <Filter Include="Source Files">
      <UniqueIdentifier>{4FC737F1-C7A5-4376-A066-2A32D752A2FF}</UniqueIdentifier>
      <Extensions>cpp;c;cc;cxx;def;odl;idl;hpj;bat;asm;asmx</Extensions>
    </Filter>
    <Filter Include="Header Files">
      <UniqueIdentifier>{93995380-89BD-4b04-88EB-625FBE52EBFB}</UniqueIdentifier>
      <Extensions>h;hh;hpp;hxx;hm;inl;inc;ipp;xsd</Extensions>
    </Filter>
    <Filter Include="Resource Files">
      <UniqueIdentifier>{67DA6AB6-F800-4c08-8B7A-83BB121AAD01}</UniqueIdentifier>
      <Extensions>rc;ico;cur;bmp;dlg;rc2;rct;bin;rgs;gif;jpg;jpeg;jpe;resx;tiff;tif;png;wav;mfcribbon-ms</Extensions>
    </Filter>
  </ItemGroup>
  <ItemGroup>
    <ClCompile Include="Project-Avalanche.cpp">
      <Filter>Source Files</Filter>
    </ClCompile>
    <ClCompile Include="..\Dependencies\GLAD\src\glad.c">
      <Filter>Source Files</Filter>
    </ClCompile>
    <ClCompile Include="Engine\Graphics\Shader.cpp">
      <Filter>Source Files</Filter>
    </ClCompile>
    <ClCompile Include="Engine\Graphics\Texture.cpp">
      <Filter>Source Files</Filter>
    </ClCompile>
    <ClCompile Include="Engine\Camera.cpp">
      <Filter>Source Files</Filter>
    </ClCompile>
    <ClCompile Include="Engine\Graphics\Material.cpp">
      <Filter>Source Files</Filter>
    </ClCompile>
  </ItemGroup>
  <ItemGroup>
    <ClInclude Include="Engine\Graphics\Shader.h">
      <Filter>Header Files</Filter>
    </ClInclude>
    <ClInclude Include="Engine\Graphics\Texture.h">
      <Filter>Header Files</Filter>
    </ClInclude>
    <ClInclude Include="Engine\Camera.h">
      <Filter>Header Files</Filter>
    </ClInclude>
    <ClInclude Include="Engine\Graphics\Mesh.h">
      <Filter>Header Files</Filter>
    </ClInclude>
    <ClInclude Include="Engine\Graphics\Model.h">
      <Filter>Header Files</Filter>
    </ClInclude>
    <ClInclude Include="Engine\Gameobject.h">
      <Filter>Header Files</Filter>
    </ClInclude>
    <ClInclude Include="Engine\Graphics\Material.h">
      <Filter>Header Files</Filter>
    </ClInclude>
    <ClInclude Include="Engine\AcalancheEngine.h">
      <Filter>Header Files</Filter>
    </ClInclude>
    <ClInclude Include="Project\Car.h">
      <Filter>Header Files</Filter>
    </ClInclude>
    <ClInclude Include="Engine\Light.h">
      <Filter>Header Files</Filter>
    </ClInclude>
    <ClInclude Include="Project\Sphere.h">
      <Filter>Header Files</Filter>
    </ClInclude>
  </ItemGroup>
  <ItemGroup>
    <Image Include="Assets\Textures\Demo.jpg">
      <Filter>Resource Files</Filter>
    </Image>
    <Image Include="Assets\Textures\test.jpg">
      <Filter>Resource Files</Filter>
    </Image>
    <Image Include="Assets\Textures\test.png">
      <Filter>Resource Files</Filter>
    </Image>
    <Image Include="Assets\Textures\WoodenContainer.png">
      <Filter>Resource Files</Filter>
    </Image>
    <Image Include="Assets\Textures\WoodenContainerSpec.png">
      <Filter>Resource Files</Filter>
    </Image>
    <Image Include="Assets\Materials\_Default\defaultA.png">
      <Filter>Resource Files</Filter>
    </Image>
    <Image Include="Assets\Materials\_Default\defaultAO.png">
      <Filter>Resource Files</Filter>
    </Image>
    <Image Include="Assets\Materials\_Default\defaultM.png">
      <Filter>Resource Files</Filter>
    </Image>
    <Image Include="Assets\Materials\_Default\defaultN.png">
      <Filter>Resource Files</Filter>
    </Image>
    <Image Include="Assets\Materials\_Default\defaultR.png">
      <Filter>Resource Files</Filter>
    </Image>
    <Image Include="Assets\Materials\Car\AE86_Texture.png">
      <Filter>Resource Files</Filter>
    </Image>
    <Image Include="Assets\Materials\Car\ao.png">
      <Filter>Resource Files</Filter>
    </Image>
    <Image Include="Assets\Materials\Car\metallic.png">
      <Filter>Resource Files</Filter>
    </Image>
    <Image Include="Assets\Materials\Car\normal.png">
      <Filter>Resource Files</Filter>
    </Image>
    <Image Include="Assets\Materials\Car\roughness.png">
      <Filter>Resource Files</Filter>
    </Image>
  </ItemGroup>
  <ItemGroup>
    <None Include="Assets\Shaders\_Default.shader" />
    <None Include="Assets\Materials\_Default\_Default.mt" />
    <None Include="Assets\Materials\Car\Car.mt" />
    <None Include="Assets\Shaders\normal_visualization.shader" />
  </ItemGroup>
</Project>